
Microsoft Visual Studio Solution File, Format Version 12.00
# Visual Studio Version 17
VisualStudioVersion = 17.7.34003.232
MinimumVisualStudioVersion = 10.0.40219.1
Project("{FAE04EC0-301F-11D3-BF4B-00C04F79EFBC}") = "Cau_1.3", "Cau_1.3.csproj", "{5AA20892-C133-4785-AF3F-0C6611A8237A}"
EndProject
Global
	GlobalSection(SolutionConfigurationPlatforms) = preSolution
		Debug|Any CPU = Debug|Any CPU
		Release|Any CPU = Release|Any CPU
	EndGlobalSection
	GlobalSection(ProjectConfigurationPlatforms) = postSolution
		{5AA20892-C133-4785-AF3F-0C6611A8237A}.Debug|Any CPU.ActiveCfg = Debug|Any CPU
		{5AA20892-C133-4785-AF3F-0C6611A8237A}.Debug|Any CPU.Build.0 = Debug|Any CPU
		{5AA20892-C133-4785-AF3F-0C6611A8237A}.Release|Any CPU.ActiveCfg = Release|Any CPU
		{5AA20892-C133-4785-AF3F-0C6611A8237A}.Release|Any CPU.Build.0 = Release|Any CPU
	EndGlobalSection
	GlobalSection(SolutionProperties) = preSolution
		HideSolutionNode = FALSE
	EndGlobalSection
	GlobalSection(ExtensibilityGlobals) = postSolution
		SolutionGuid = {BD111366-53F1-41A1-82AE-9347FFDED880}
	EndGlobalSection
EndGlobal
