
Microsoft Visual Studio Solution File, Format Version 12.00
# Visual Studio Version 17
VisualStudioVersion = 17.7.34003.232
MinimumVisualStudioVersion = 10.0.40219.1
Project("{FAE04EC0-301F-11D3-BF4B-00C04F79EFBC}") = "Cau_1.5", "Cau_1.5.csproj", "{C88B1280-6003-430B-845A-3F50BC682B9F}"
EndProject
Global
	GlobalSection(SolutionConfigurationPlatforms) = preSolution
		Debug|Any CPU = Debug|Any CPU
		Release|Any CPU = Release|Any CPU
	EndGlobalSection
	GlobalSection(ProjectConfigurationPlatforms) = postSolution
		{C88B1280-6003-430B-845A-3F50BC682B9F}.Debug|Any CPU.ActiveCfg = Debug|Any CPU
		{C88B1280-6003-430B-845A-3F50BC682B9F}.Debug|Any CPU.Build.0 = Debug|Any CPU
		{C88B1280-6003-430B-845A-3F50BC682B9F}.Release|Any CPU.ActiveCfg = Release|Any CPU
		{C88B1280-6003-430B-845A-3F50BC682B9F}.Release|Any CPU.Build.0 = Release|Any CPU
	EndGlobalSection
	GlobalSection(SolutionProperties) = preSolution
		HideSolutionNode = FALSE
	EndGlobalSection
	GlobalSection(ExtensibilityGlobals) = postSolution
		SolutionGuid = {B3064774-BC5A-4084-B35F-85E86D6593A9}
	EndGlobalSection
EndGlobal
