
Microsoft Visual Studio Solution File, Format Version 12.00
# Visual Studio Version 17
VisualStudioVersion = 17.7.34003.232
MinimumVisualStudioVersion = 10.0.40219.1
Project("{FAE04EC0-301F-11D3-BF4B-00C04F79EFBC}") = "Cau_1.7", "Cau_1.7.csproj", "{05007E11-BE00-4BC2-B3A9-0A3A854106C6}"
EndProject
Global
	GlobalSection(SolutionConfigurationPlatforms) = preSolution
		Debug|Any CPU = Debug|Any CPU
		Release|Any CPU = Release|Any CPU
	EndGlobalSection
	GlobalSection(ProjectConfigurationPlatforms) = postSolution
		{05007E11-BE00-4BC2-B3A9-0A3A854106C6}.Debug|Any CPU.ActiveCfg = Debug|Any CPU
		{05007E11-BE00-4BC2-B3A9-0A3A854106C6}.Debug|Any CPU.Build.0 = Debug|Any CPU
		{05007E11-BE00-4BC2-B3A9-0A3A854106C6}.Release|Any CPU.ActiveCfg = Release|Any CPU
		{05007E11-BE00-4BC2-B3A9-0A3A854106C6}.Release|Any CPU.Build.0 = Release|Any CPU
	EndGlobalSection
	GlobalSection(SolutionProperties) = preSolution
		HideSolutionNode = FALSE
	EndGlobalSection
	GlobalSection(ExtensibilityGlobals) = postSolution
		SolutionGuid = {7D037A00-74C9-452E-B977-814154A25B3B}
	EndGlobalSection
EndGlobal
