
Microsoft Visual Studio Solution File, Format Version 12.00
# Visual Studio Version 17
VisualStudioVersion = 17.7.34003.232
MinimumVisualStudioVersion = 10.0.40219.1
Project("{FAE04EC0-301F-11D3-BF4B-00C04F79EFBC}") = "Câu_3.5", "Câu_3.5.csproj", "{31016F24-4F0F-4D8B-85FA-B86649D718A5}"
EndProject
Global
	GlobalSection(SolutionConfigurationPlatforms) = preSolution
		Debug|Any CPU = Debug|Any CPU
		Release|Any CPU = Release|Any CPU
	EndGlobalSection
	GlobalSection(ProjectConfigurationPlatforms) = postSolution
		{31016F24-4F0F-4D8B-85FA-B86649D718A5}.Debug|Any CPU.ActiveCfg = Debug|Any CPU
		{31016F24-4F0F-4D8B-85FA-B86649D718A5}.Debug|Any CPU.Build.0 = Debug|Any CPU
		{31016F24-4F0F-4D8B-85FA-B86649D718A5}.Release|Any CPU.ActiveCfg = Release|Any CPU
		{31016F24-4F0F-4D8B-85FA-B86649D718A5}.Release|Any CPU.Build.0 = Release|Any CPU
	EndGlobalSection
	GlobalSection(SolutionProperties) = preSolution
		HideSolutionNode = FALSE
	EndGlobalSection
	GlobalSection(ExtensibilityGlobals) = postSolution
		SolutionGuid = {05585978-6BD6-497C-B4DF-7163B82ECC4A}
	EndGlobalSection
EndGlobal
